<?xml version="1.0" encoding="utf-8"?>
<Project ToolsVersion="4.0" xmlns="http://schemas.microsoft.com/developer/msbuild/2003">
  <ItemGroup>
    <Filter Include="Source Files">
      <UniqueIdentifier>{e1c7a4ba-5375-43f8-b037-1c556cf6bd5d}</UniqueIdentifier>
      <Extensions>cpp;c;cxx;rc;def;r;odl;idl;hpj;bat</Extensions>
    </Filter>
    <Filter Include="Source Files\Generic">
      <UniqueIdentifier>{1af5c78e-360f-40ec-83e0-1853ec716ad0}</UniqueIdentifier>
    </Filter>
    <Filter Include="Source Files\Generic\Main">
      <UniqueIdentifier>{e3e50c59-185a-4570-af8b-4829c13ce6c2}</UniqueIdentifier>
    </Filter>
    <Filter Include="Source Files\Generic\Data Access">
      <UniqueIdentifier>{cd7539ca-b6b8-4d32-9a18-f03356544647}</UniqueIdentifier>
    </Filter>
    <Filter Include="Source Files\Generic\COM Classes">
      <UniqueIdentifier>{50c191e8-8ff3-45f1-879b-394cf318676e}</UniqueIdentifier>
    </Filter>
    <Filter Include="Source Files\Generic\Utilities">
      <UniqueIdentifier>{5aec303e-bc1e-4738-b907-a83e243c872d}</UniqueIdentifier>
    </Filter>
    <Filter Include="Source Files\Generic\Common">
      <UniqueIdentifier>{7080637d-d345-491f-993c-35b40b664eb4}</UniqueIdentifier>
    </Filter>
    <Filter Include="Source Files\Generic\Application Main">
      <UniqueIdentifier>{190c9c2c-ac42-452f-8fc6-e4d7e9d88a0c}</UniqueIdentifier>
    </Filter>
    <Filter Include="Source Files\Generic\Alarms&amp;Events">
      <UniqueIdentifier>{5b78f513-0180-42a7-9ec5-531e3d76a0fd}</UniqueIdentifier>
    </Filter>
    <Filter Include="Header Files">
      <UniqueIdentifier>{90e3ae51-c247-41b5-ba12-986ccc89421a}</UniqueIdentifier>
      <Extensions>h;hpp;hxx;hm;inl</Extensions>
    </Filter>
    <Filter Include="Header Files\Generic Part">
      <UniqueIdentifier>{47cfcd6c-3420-440f-8232-b555135b5437}</UniqueIdentifier>
    </Filter>
    <Filter Include="Header Files\Generic Part\Main Defs">
      <UniqueIdentifier>{ad656deb-48b7-43a3-bcb1-eeada3cd40cb}</UniqueIdentifier>
    </Filter>
    <Filter Include="Header Files\Generic Part\Utility Defs">
      <UniqueIdentifier>{ebf2a01b-e9c7-42f4-aaba-0bb2ecddc12b}</UniqueIdentifier>
    </Filter>
    <Filter Include="Header Files\Generic Part\Data Access Defs">
      <UniqueIdentifier>{b5dc8e0b-e270-4366-8fc3-efcbb623a0e2}</UniqueIdentifier>
    </Filter>
    <Filter Include="Header Files\Generic Part\COM Classes Defs">
      <UniqueIdentifier>{6bf95e71-04f5-4377-8197-ef55fd18fb1a}</UniqueIdentifier>
    </Filter>
    <Filter Include="Header Files\Generic Part\Common Defs">
      <UniqueIdentifier>{d0a2ed2f-1a12-48bb-aa20-252628bac25a}</UniqueIdentifier>
    </Filter>
    <Filter Include="Header Files\Generic Part\Alarms&amp;Events Defs">
      <UniqueIdentifier>{51101d9d-88b0-460d-89c9-ecab7f7806e2}</UniqueIdentifier>
    </Filter>
    <Filter Include="Header Files\Specific-Generic Interface">
      <UniqueIdentifier>{cd0c8bba-99c5-4b53-ad9a-73124cbad0ae}</UniqueIdentifier>
    </Filter>
    <Filter Include="Resource Files">
      <UniqueIdentifier>{28ab86ce-cd16-4c6e-8286-98c4e8e50d93}</UniqueIdentifier>
      <Extensions>ico;cur;bmp;dlg;rc2;rct;bin;rgs;gif;jpg;jpeg;jpe</Extensions>
    </Filter>
  </ItemGroup>
  <ItemGroup>
    <ClCompile Include="..\Core\CoreMain.cpp">
      <Filter>Source Files\Generic\Main</Filter>
    </ClCompile>
    <ClCompile Include="..\System\OpcSdk_i.c">
      <Filter>Source Files\Generic\Main</Filter>
    </ClCompile>
    <ClCompile Include="..\Core\OpcString.cpp">
      <Filter>Source Files\Generic\Main</Filter>
    </ClCompile>
    <ClCompile Include="..\Core\OpcText.cpp">
      <Filter>Source Files\Generic\Main</Filter>
    </ClCompile>
    <ClCompile Include="..\Core\OpcTextReader.cpp">
      <Filter>Source Files\Generic\Main</Filter>
    </ClCompile>
    <ClCompile Include="..\Core\OpcUtils.cpp">
      <Filter>Source Files\Generic\Main</Filter>
    </ClCompile>
    <ClCompile Include="..\Core\stdafx.cpp">
      <Filter>Source Files\Generic\Main</Filter>
    </ClCompile>
    <ClCompile Include="..\Da\AsyncIo2.cpp">
      <Filter>Source Files\Generic\Data Access</Filter>
    </ClCompile>
    <ClCompile Include="..\Da\AsyncIo3.cpp">
      <Filter>Source Files\Generic\Data Access</Filter>
    </ClCompile>
    <ClCompile Include="..\Da\DaBrowse.cpp">
      <Filter>Source Files\Generic\Data Access</Filter>
    </ClCompile>
    <ClCompile Include="..\Da\DataCallbackThread.cpp">
      <Filter>Source Files\Generic\Data Access</Filter>
    </ClCompile>
    <ClCompile Include="..\Da\DaDeviceItem.cpp">
      <Filter>Source Files\Generic\Data Access</Filter>
    </ClCompile>
    <ClCompile Include="..\Da\DaEnumItemAttributes.cpp">
      <Filter>Source Files\Generic\Data Access</Filter>
    </ClCompile>
    <ClCompile Include="..\Da\DaGenericGroup.cpp">
      <Filter>Source Files\Generic\Data Access</Filter>
    </ClCompile>
    <ClCompile Include="..\Da\DaGenericItem.cpp">
      <Filter>Source Files\Generic\Data Access</Filter>
    </ClCompile>
    <ClCompile Include="..\Da\DaGenericServer.cpp">
      <Filter>Source Files\Generic\Data Access</Filter>
    </ClCompile>
    <ClCompile Include="..\Da\GroupDataObject.cpp">
      <Filter>Source Files\Generic\Data Access</Filter>
    </ClCompile>
    <ClCompile Include="..\Da\DaItemProperties.cpp">
      <Filter>Source Files\Generic\Data Access</Filter>
    </ClCompile>
    <ClCompile Include="..\Da\OpcEnumVariant.cpp">
      <Filter>Source Files\Generic\Data Access</Filter>
    </ClCompile>
    <ClCompile Include="..\Da\DaPublicGroup.cpp">
      <Filter>Source Files\Generic\Data Access</Filter>
    </ClCompile>
    <ClCompile Include="..\Da\DaPublicGroupManager.cpp">
      <Filter>Source Files\Generic\Data Access</Filter>
    </ClCompile>
    <ClCompile Include="..\Da\ReadWriteLock.cpp">
      <Filter>Source Files\Generic\Data Access</Filter>
    </ClCompile>
    <ClCompile Include="..\Da\DaBaseServer.cpp">
      <Filter>Source Files\Generic\Data Access</Filter>
    </ClCompile>
    <ClCompile Include="..\Da\DaAsynchronousThread.cpp">
      <Filter>Source Files\Generic\Data Access</Filter>
    </ClCompile>
    <ClCompile Include="..\Da\VariantCompare.cpp">
      <Filter>Source Files\Generic\Data Access</Filter>
    </ClCompile>
    <ClCompile Include="..\Da\VariantConversion.cpp">
      <Filter>Source Files\Generic\Data Access</Filter>
    </ClCompile>
    <ClCompile Include="..\Da\VariantPack.cpp">
      <Filter>Source Files\Generic\Data Access</Filter>
    </ClCompile>
    <ClCompile Include="..\Da\DaGroup.cpp">
      <Filter>Source Files\Generic\COM Classes</Filter>
    </ClCompile>
    <ClCompile Include="..\Da\DaGroup_Custom.cpp">
      <Filter>Source Files\Generic\COM Classes</Filter>
    </ClCompile>
    <ClCompile Include="..\Da\DaGroup_Dispatch.cpp">
      <Filter>Source Files\Generic\COM Classes</Filter>
    </ClCompile>
    <ClCompile Include="..\Da\DaItem.cpp">
      <Filter>Source Files\Generic\COM Classes</Filter>
    </ClCompile>
    <ClCompile Include="..\Da\DaComServer.cpp">
      <Filter>Source Files\Generic\COM Classes</Filter>
    </ClCompile>
    <ClCompile Include="..\Da\DaComBaseServer.cpp">
      <Filter>Source Files\Generic\COM Classes</Filter>
    </ClCompile>
    <ClCompile Include="..\Da\DaComBaseServer_Custom.cpp">
      <Filter>Source Files\Generic\COM Classes</Filter>
    </ClCompile>
    <ClCompile Include="..\Da\DaComBaseServer_Dispatch.cpp">
      <Filter>Source Files\Generic\COM Classes</Filter>
    </ClCompile>
    <ClCompile Include="..\Core\MatchPattern.cpp">
      <Filter>Source Files\Generic\Utilities</Filter>
    </ClCompile>
    <ClCompile Include="..\Core\UtilityFuncs.cpp">
      <Filter>Source Files\Generic\Utilities</Filter>
    </ClCompile>
    <ClCompile Include="..\Core\WideString.cpp">
      <Filter>Source Files\Generic\Utilities</Filter>
    </ClCompile>
    <ClCompile Include="..\Core\OpcCommon.cpp">
      <Filter>Source Files\Generic\Common</Filter>
    </ClCompile>
    <ClCompile Include="app_callbacks.cpp">
      <Filter>Source Files\Generic\Application Main</Filter>
    </ClCompile>
    <ClCompile Include="DaConfiguration.cpp">
      <Filter>Source Files\Generic\Application Main</Filter>
    </ClCompile>
    <ClCompile Include="DaServer.cpp">
      <Filter>Source Files\Generic\Application Main</Filter>
    </ClCompile>
    <ClCompile Include="AeServer.cpp">
      <Filter>Source Files\Generic\Application Main</Filter>
    </ClCompile>
    <ClCompile Include="DaAddressSpace.cpp">
      <Filter>Source Files\Generic\Application Main</Filter>
    </ClCompile>
    <ClCompile Include="DeviceItem.cpp">
      <Filter>Source Files\Generic\Application Main</Filter>
    </ClCompile>
    <ClCompile Include="ServerMain.cpp">
      <Filter>Source Files\Generic\Application Main</Filter>
    </ClCompile>
    <ClCompile Include="app_serverwrapper.cpp">
      <Filter>Source Files\Generic\Application Main</Filter>
    </ClCompile>
    <ClCompile Include="ServerUpdate.cpp">
      <Filter>Source Files\Generic\Application Main</Filter>
    </ClCompile>
    <ClCompile Include="..\Ae\AeAttributeValueMap.cpp">
      <Filter>Source Files\Generic\Alarms&amp;Events</Filter>
    </ClCompile>
    <ClCompile Include="..\Ae\AeEventArea.cpp">
      <Filter>Source Files\Generic\Alarms&amp;Events</Filter>
    </ClCompile>
    <ClCompile Include="..\Ae\AeCondition.cpp">
      <Filter>Source Files\Generic\Alarms&amp;Events</Filter>
    </ClCompile>
    <ClCompile Include="..\Ae\AeConditionDefinition.cpp">
      <Filter>Source Files\Generic\Alarms&amp;Events</Filter>
    </ClCompile>
    <ClCompile Include="..\Ae\AeComBaseServer.cpp">
      <Filter>Source Files\Generic\Alarms&amp;Events</Filter>
    </ClCompile>
    <ClCompile Include="..\Ae\AeBaseServer.cpp">
      <Filter>Source Files\Generic\Alarms&amp;Events</Filter>
    </ClCompile>
    <ClCompile Include="..\Ae\AeSource.cpp">
      <Filter>Source Files\Generic\Alarms&amp;Events</Filter>
    </ClCompile>
    <ClCompile Include="..\Ae\AeComSubscriptionManager.cpp">
      <Filter>Source Files\Generic\Alarms&amp;Events</Filter>
    </ClCompile>
    <ClCompile Include="..\Ae\AeEvent.cpp">
      <Filter>Source Files\Generic\Alarms&amp;Events</Filter>
    </ClCompile>
    <ClCompile Include="..\Ae\AeAreaBrowser.cpp">
      <Filter>Source Files\Generic\Alarms&amp;Events</Filter>
    </ClCompile>
    <ClCompile Include="..\Ae\AeCategory.cpp">
      <Filter>Source Files\Generic\Alarms&amp;Events</Filter>
    </ClCompile>
    <ClCompile Include="Logger.cpp">
      <Filter>Source Files\Generic\Utilities</Filter>
    </ClCompile>
    <ClCompile Include="..\Da\DaItemProperty.cpp">
      <Filter>Source Files\Generic\Data Access</Filter>
    </ClCompile>
  </ItemGroup>
  <ItemGroup>
    <ClInclude Include="DaServer.h">
      <Filter>Header Files</Filter>
    </ClInclude>
    <ClInclude Include="DaAddressSpace.h">
      <Filter>Header Files</Filter>
    </ClInclude>
    <ClInclude Include="..\Core\OpcDefs.h">
      <Filter>Header Files\Generic Part\Main Defs</Filter>
    </ClInclude>
    <ClInclude Include="..\Core\CoreGenericMain.h">
      <Filter>Header Files\Generic Part\Main Defs</Filter>
    </ClInclude>
    <ClInclude Include="..\Core\OpcString.h">
      <Filter>Header Files\Generic Part\Main Defs</Filter>
    </ClInclude>
    <ClInclude Include="..\Core\OpcText.h">
      <Filter>Header Files\Generic Part\Main Defs</Filter>
    </ClInclude>
    <ClInclude Include="..\Core\OpcTextReader.h">
      <Filter>Header Files\Generic Part\Main Defs</Filter>
    </ClInclude>
    <ClInclude Include="..\Core\OpcUtils.h">
      <Filter>Header Files\Generic Part\Main Defs</Filter>
    </ClInclude>
    <ClInclude Include="..\Core\stdafx.h">
      <Filter>Header Files\Generic Part\Main Defs</Filter>
    </ClInclude>
    <ClInclude Include="..\Core\EnumClass.h">
      <Filter>Header Files\Generic Part\Utility Defs</Filter>
    </ClInclude>
    <ClInclude Include="..\Core\FixOutArray.h">
      <Filter>Header Files\Generic Part\Utility Defs</Filter>
    </ClInclude>
    <ClInclude Include="..\Core\MatchPattern.h">
      <Filter>Header Files\Generic Part\Utility Defs</Filter>
    </ClInclude>
    <ClInclude Include="..\Core\OpcTrace.h">
      <Filter>Header Files\Generic Part\Utility Defs</Filter>
    </ClInclude>
    <ClInclude Include="..\Da\DaBrowse.h">
      <Filter>Header Files\Generic Part\Data Access Defs</Filter>
    </ClInclude>
    <ClInclude Include="..\Da\DataCallbackThread.h">
      <Filter>Header Files\Generic Part\Data Access Defs</Filter>
    </ClInclude>
    <ClInclude Include="..\Da\DaEnumItemAttributes.h">
      <Filter>Header Files\Generic Part\Data Access Defs</Filter>
    </ClInclude>
    <ClInclude Include="..\Da\DaGenericGroup.h">
      <Filter>Header Files\Generic Part\Data Access Defs</Filter>
    </ClInclude>
    <ClInclude Include="..\Da\DaGenericItem.h">
      <Filter>Header Files\Generic Part\Data Access Defs</Filter>
    </ClInclude>
    <ClInclude Include="..\Da\DaGenericServer.h">
      <Filter>Header Files\Generic Part\Data Access Defs</Filter>
    </ClInclude>
    <ClInclude Include="..\Da\DaItemProperty.h">
      <Filter>Header Files\Generic Part\Data Access Defs</Filter>
    </ClInclude>
    <ClInclude Include="..\Da\OpenArray.h">
      <Filter>Header Files\Generic Part\Data Access Defs</Filter>
    </ClInclude>
    <ClInclude Include="..\Da\DaPublicGroup.h">
      <Filter>Header Files\Generic Part\Data Access Defs</Filter>
    </ClInclude>
    <ClInclude Include="..\Da\DaPublicGroupManager.h">
      <Filter>Header Files\Generic Part\Data Access Defs</Filter>
    </ClInclude>
    <ClInclude Include="..\Da\ReadWriteLock.h">
      <Filter>Header Files\Generic Part\Data Access Defs</Filter>
    </ClInclude>
    <ClInclude Include="..\Da\DaServerInstanceHandle.h">
      <Filter>Header Files\Generic Part\Data Access Defs</Filter>
    </ClInclude>
    <ClInclude Include="..\Da\DaAsynchronousThread.h">
      <Filter>Header Files\Generic Part\Data Access Defs</Filter>
    </ClInclude>
    <ClInclude Include="..\Da\VariantCompare.h">
      <Filter>Header Files\Generic Part\Data Access Defs</Filter>
    </ClInclude>
    <ClInclude Include="..\Da\VariantConversion.h">
      <Filter>Header Files\Generic Part\Data Access Defs</Filter>
    </ClInclude>
    <ClInclude Include="..\Da\VariantPack.h">
      <Filter>Header Files\Generic Part\Data Access Defs</Filter>
    </ClInclude>
    <ClInclude Include="..\Da\DaGroup.h">
      <Filter>Header Files\Generic Part\COM Classes Defs</Filter>
    </ClInclude>
    <ClInclude Include="..\Da\DaItem.h">
      <Filter>Header Files\Generic Part\COM Classes Defs</Filter>
    </ClInclude>
    <ClInclude Include="..\Da\DaComServer.h">
      <Filter>Header Files\Generic Part\COM Classes Defs</Filter>
    </ClInclude>
    <ClInclude Include="..\Da\DaComBaseServer.h">
      <Filter>Header Files\Generic Part\COM Classes Defs</Filter>
    </ClInclude>
    <ClInclude Include="..\Core\OpcCommon.h">
      <Filter>Header Files\Generic Part\Common Defs</Filter>
    </ClInclude>
    <ClInclude Include="..\Core\ShutdownImpl.h">
      <Filter>Header Files\Generic Part\Common Defs</Filter>
    </ClInclude>
    <ClInclude Include="..\Ae\AeAttributeValueMap.h">
      <Filter>Header Files\Generic Part\Alarms&amp;Events Defs</Filter>
    </ClInclude>
    <ClInclude Include="..\Ae\AeEventArea.h">
      <Filter>Header Files\Generic Part\Alarms&amp;Events Defs</Filter>
    </ClInclude>
    <ClInclude Include="..\Ae\AeAttribute.h">
      <Filter>Header Files\Generic Part\Alarms&amp;Events Defs</Filter>
    </ClInclude>
    <ClInclude Include="..\Ae\AeCategory.h">
      <Filter>Header Files\Generic Part\Alarms&amp;Events Defs</Filter>
    </ClInclude>
    <ClInclude Include="..\Ae\AeCondition.h">
      <Filter>Header Files\Generic Part\Alarms&amp;Events Defs</Filter>
    </ClInclude>
    <ClInclude Include="..\Ae\AeConditionDefinition.h">
      <Filter>Header Files\Generic Part\Alarms&amp;Events Defs</Filter>
    </ClInclude>
    <ClInclude Include="..\Ae\AeComBaseServer.h">
      <Filter>Header Files\Generic Part\Alarms&amp;Events Defs</Filter>
    </ClInclude>
    <ClInclude Include="..\Ae\AeSource.h">
      <Filter>Header Files\Generic Part\Alarms&amp;Events Defs</Filter>
    </ClInclude>
    <ClInclude Include="..\Ae\AeComSubscriptionManager.h">
      <Filter>Header Files\Generic Part\Alarms&amp;Events Defs</Filter>
    </ClInclude>
    <ClInclude Include="..\Ae\AeEvent.h">
      <Filter>Header Files\Generic Part\Alarms&amp;Events Defs</Filter>
    </ClInclude>
    <ClInclude Include="..\Ae\AeAreaBrowser.h">
      <Filter>Header Files\Generic Part\Alarms&amp;Events Defs</Filter>
    </ClInclude>
    <ClInclude Include="..\Ae\AeComServer.h">
      <Filter>Header Files\Generic Part\Alarms&amp;Events Defs</Filter>
    </ClInclude>
    <ClInclude Include="..\Ae\AeComSubscription.h">
      <Filter>Header Files\Generic Part\Alarms&amp;Events Defs</Filter>
    </ClInclude>
    <ClInclude Include="..\Da\DaDeviceItem.h">
      <Filter>Header Files\Specific-Generic Interface</Filter>
    </ClInclude>
    <ClInclude Include="..\Ae\AeBaseServer.h">
      <Filter>Header Files\Specific-Generic Interface</Filter>
    </ClInclude>
    <ClInclude Include="..\Core\CoreMain.h">
      <Filter>Header Files\Specific-Generic Interface</Filter>
    </ClInclude>
    <ClInclude Include="..\Da\DaBaseServer.h">
      <Filter>Header Files\Specific-Generic Interface</Filter>
    </ClInclude>
    <ClInclude Include="resource.h">
      <Filter>Header Files</Filter>
    </ClInclude>
    <ClInclude Include="Logger.h">
      <Filter>Header Files\Generic Part\Utility Defs</Filter>
    </ClInclude>
  </ItemGroup>
  <ItemGroup>
    <None Include="..\Core\OpcDataAccessServer.rgs">
      <Filter>Resource Files</Filter>
    </None>
    <None Include="..\Core\OpcEventServer.rgs">
      <Filter>Resource Files</Filter>
    </None>
  </ItemGroup>
  <ItemGroup>
    <ResourceCompile Include="OpcDllDaAeServer.rc">
      <Filter>Resource Files</Filter>
    </ResourceCompile>
  </ItemGroup>
</Project>